
Microsoft Visual Studio Solution File, Format Version 12.00
# Visual Studio 14
VisualStudioVersion = 14.0.25420.1
MinimumVisualStudioVersion = 10.0.40219.1
Project("{FAE04EC0-301F-11D3-BF4B-00C04F79EFBC}") = "01. Fishland", "01. Fishland\01. Fishland.csproj", "{060F7F22-6807-45C1-AFE9-C3C0C5465CD7}"
EndProject
Project("{FAE04EC0-301F-11D3-BF4B-00C04F79EFBC}") = "02. Pets", "02. Pets\02. Pets.csproj", "{2AB28B99-311B-4F40-BBFF-5803C7BFC59F}"
EndProject
Project("{FAE04EC0-301F-11D3-BF4B-00C04F79EFBC}") = "03. Vacation", "03. Vacation\03. Vacation.csproj", "{6526BC03-96EA-4043-9D2C-DC2402504347}"
EndProject
Project("{FAE04EC0-301F-11D3-BF4B-00C04F79EFBC}") = "04. SoftUni Camp", "04. SoftUni Camp\04. SoftUni Camp.csproj", "{36A63EF9-6EB0-4748-A418-EC6F3E9B1617}"
EndProject
Project("{FAE04EC0-301F-11D3-BF4B-00C04F79EFBC}") = "05. Fox", "05. Fox\05. Fox.csproj", "{1DFB5B67-335B-4D6F-BE2F-88FD5D621965}"
EndProject
Project("{FAE04EC0-301F-11D3-BF4B-00C04F79EFBC}") = "06. Battles", "06. Battles\06. Battles.csproj", "{98BE8CC9-50DC-4223-8579-D9BFFA439E78}"
EndProject
Project("{FAE04EC0-301F-11D3-BF4B-00C04F79EFBC}") = "05. Fox1", "05. Fox1\05. Fox1.csproj", "{741ECB16-8219-4578-AA51-50E5EDBE3B7C}"
EndProject
Global
	GlobalSection(SolutionConfigurationPlatforms) = preSolution
		Debug|Any CPU = Debug|Any CPU
		Release|Any CPU = Release|Any CPU
	EndGlobalSection
	GlobalSection(ProjectConfigurationPlatforms) = postSolution
		{060F7F22-6807-45C1-AFE9-C3C0C5465CD7}.Debug|Any CPU.ActiveCfg = Debug|Any CPU
		{060F7F22-6807-45C1-AFE9-C3C0C5465CD7}.Debug|Any CPU.Build.0 = Debug|Any CPU
		{060F7F22-6807-45C1-AFE9-C3C0C5465CD7}.Release|Any CPU.ActiveCfg = Release|Any CPU
		{060F7F22-6807-45C1-AFE9-C3C0C5465CD7}.Release|Any CPU.Build.0 = Release|Any CPU
		{2AB28B99-311B-4F40-BBFF-5803C7BFC59F}.Debug|Any CPU.ActiveCfg = Debug|Any CPU
		{2AB28B99-311B-4F40-BBFF-5803C7BFC59F}.Debug|Any CPU.Build.0 = Debug|Any CPU
		{2AB28B99-311B-4F40-BBFF-5803C7BFC59F}.Release|Any CPU.ActiveCfg = Release|Any CPU
		{2AB28B99-311B-4F40-BBFF-5803C7BFC59F}.Release|Any CPU.Build.0 = Release|Any CPU
		{6526BC03-96EA-4043-9D2C-DC2402504347}.Debug|Any CPU.ActiveCfg = Debug|Any CPU
		{6526BC03-96EA-4043-9D2C-DC2402504347}.Debug|Any CPU.Build.0 = Debug|Any CPU
		{6526BC03-96EA-4043-9D2C-DC2402504347}.Release|Any CPU.ActiveCfg = Release|Any CPU
		{6526BC03-96EA-4043-9D2C-DC2402504347}.Release|Any CPU.Build.0 = Release|Any CPU
		{36A63EF9-6EB0-4748-A418-EC6F3E9B1617}.Debug|Any CPU.ActiveCfg = Debug|Any CPU
		{36A63EF9-6EB0-4748-A418-EC6F3E9B1617}.Debug|Any CPU.Build.0 = Debug|Any CPU
		{36A63EF9-6EB0-4748-A418-EC6F3E9B1617}.Release|Any CPU.ActiveCfg = Release|Any CPU
		{36A63EF9-6EB0-4748-A418-EC6F3E9B1617}.Release|Any CPU.Build.0 = Release|Any CPU
		{1DFB5B67-335B-4D6F-BE2F-88FD5D621965}.Debug|Any CPU.ActiveCfg = Debug|Any CPU
		{1DFB5B67-335B-4D6F-BE2F-88FD5D621965}.Debug|Any CPU.Build.0 = Debug|Any CPU
		{1DFB5B67-335B-4D6F-BE2F-88FD5D621965}.Release|Any CPU.ActiveCfg = Release|Any CPU
		{1DFB5B67-335B-4D6F-BE2F-88FD5D621965}.Release|Any CPU.Build.0 = Release|Any CPU
		{98BE8CC9-50DC-4223-8579-D9BFFA439E78}.Debug|Any CPU.ActiveCfg = Debug|Any CPU
		{98BE8CC9-50DC-4223-8579-D9BFFA439E78}.Debug|Any CPU.Build.0 = Debug|Any CPU
		{98BE8CC9-50DC-4223-8579-D9BFFA439E78}.Release|Any CPU.ActiveCfg = Release|Any CPU
		{98BE8CC9-50DC-4223-8579-D9BFFA439E78}.Release|Any CPU.Build.0 = Release|Any CPU
		{741ECB16-8219-4578-AA51-50E5EDBE3B7C}.Debug|Any CPU.ActiveCfg = Debug|Any CPU
		{741ECB16-8219-4578-AA51-50E5EDBE3B7C}.Debug|Any CPU.Build.0 = Debug|Any CPU
		{741ECB16-8219-4578-AA51-50E5EDBE3B7C}.Release|Any CPU.ActiveCfg = Release|Any CPU
		{741ECB16-8219-4578-AA51-50E5EDBE3B7C}.Release|Any CPU.Build.0 = Release|Any CPU
	EndGlobalSection
	GlobalSection(SolutionProperties) = preSolution
		HideSolutionNode = FALSE
	EndGlobalSection
EndGlobal
